// !$*UTF8*$!
{
	archiveVersion = 1;
	classes = {
	};
	objectVersion = 46;
	objects = {

/* Begin PBXBuildFile section */
		C66D303D1E51F77A00DA8BCC /* AppDelegate.swift in Sources */ = {isa = PBXBuildFile; fileRef = C66D303C1E51F77A00DA8BCC /* AppDelegate.swift */; };
		C66D303F1E51F77A00DA8BCC /* GameScene.sks in Resources */ = {isa = PBXBuildFile; fileRef = C66D303E1E51F77A00DA8BCC /* GameScene.sks */; };
		C66D30411E51F77A00DA8BCC /* Actions.sks in Resources */ = {isa = PBXBuildFile; fileRef = C66D30401E51F77A00DA8BCC /* Actions.sks */; };
		C66D30431E51F77A00DA8BCC /* GameScene.swift in Sources */ = {isa = PBXBuildFile; fileRef = C66D30421E51F77A00DA8BCC /* GameScene.swift */; };
		C66D30451E51F77A00DA8BCC /* GameViewController.swift in Sources */ = {isa = PBXBuildFile; fileRef = C66D30441E51F77A00DA8BCC /* GameViewController.swift */; };
		C66D30481E51F77A00DA8BCC /* Main.storyboard in Resources */ = {isa = PBXBuildFile; fileRef = C66D30461E51F77A00DA8BCC /* Main.storyboard */; };
		C66D304A1E51F77A00DA8BCC /* Assets.xcassets in Resources */ = {isa = PBXBuildFile; fileRef = C66D30491E51F77A00DA8BCC /* Assets.xcassets */; };
		C66D304D1E51F77A00DA8BCC /* LaunchScreen.storyboard in Resources */ = {isa = PBXBuildFile; fileRef = C66D304B1E51F77A00DA8BCC /* LaunchScreen.storyboard */; };
		C66D30581E51F77A00DA8BCC /* Music_GameTests.swift in Sources */ = {isa = PBXBuildFile; fileRef = C66D30571E51F77A00DA8BCC /* Music_GameTests.swift */; };
		C66D30631E51F7F700DA8BCC /* README.md in Sources */ = {isa = PBXBuildFile; fileRef = C66D30621E51F7F700DA8BCC /* README.md */; };
		C6AA49DC1E52C243000FB344 /* IMG_0114.JPG in Resources */ = {isa = PBXBuildFile; fileRef = C6AA49D71E52C243000FB344 /* IMG_0114.JPG */; };
		C6AA49DD1E52C243000FB344 /* IMG_0115.JPG in Resources */ = {isa = PBXBuildFile; fileRef = C6AA49D81E52C243000FB344 /* IMG_0115.JPG */; };
		C6AA49DE1E52C243000FB344 /* IMG_0116.JPG in Resources */ = {isa = PBXBuildFile; fileRef = C6AA49D91E52C243000FB344 /* IMG_0116.JPG */; };
		C6AA49DF1E52C243000FB344 /* IMG_0117.JPG in Resources */ = {isa = PBXBuildFile; fileRef = C6AA49DA1E52C243000FB344 /* IMG_0117.JPG */; };
		C6AA49E01E52C243000FB344 /* IMG_0118.JPG in Resources */ = {isa = PBXBuildFile; fileRef = C6AA49DB1E52C243000FB344 /* IMG_0118.JPG */; };
/* End PBXBuildFile section */

/* Begin PBXContainerItemProxy section */
		C66D30541E51F77A00DA8BCC /* PBXContainerItemProxy */ = {
			isa = PBXContainerItemProxy;
			containerPortal = C66D30311E51F77900DA8BCC /* Project object */;
			proxyType = 1;
			remoteGlobalIDString = C66D30381E51F77900DA8BCC;
			remoteInfo = "Music Game";
		};
/* End PBXContainerItemProxy section */

/* Begin PBXFileReference section */
		C66D30391E51F77900DA8BCC /* Music Game.app */ = {isa = PBXFileReference; explicitFileType = wrapper.application; includeInIndex = 0; path = "Music Game.app"; sourceTree = BUILT_PRODUCTS_DIR; };
		C66D303C1E51F77A00DA8BCC /* AppDelegate.swift */ = {isa = PBXFileReference; lastKnownFileType = sourcecode.swift; path = AppDelegate.swift; sourceTree = "<group>"; };
		C66D303E1E51F77A00DA8BCC /* GameScene.sks */ = {isa = PBXFileReference; lastKnownFileType = file.sks; path = GameScene.sks; sourceTree = "<group>"; };
		C66D30401E51F77A00DA8BCC /* Actions.sks */ = {isa = PBXFileReference; lastKnownFileType = file.sks; path = Actions.sks; sourceTree = "<group>"; };
		C66D30421E51F77A00DA8BCC /* GameScene.swift */ = {isa = PBXFileReference; lastKnownFileType = sourcecode.swift; path = GameScene.swift; sourceTree = "<group>"; };
		C66D30441E51F77A00DA8BCC /* GameViewController.swift */ = {isa = PBXFileReference; lastKnownFileType = sourcecode.swift; path = GameViewController.swift; sourceTree = "<group>"; };
		C66D30471E51F77A00DA8BCC /* Base */ = {isa = PBXFileReference; lastKnownFileType = file.storyboard; name = Base; path = Base.lproj/Main.storyboard; sourceTree = "<group>"; };
		C66D30491E51F77A00DA8BCC /* Assets.xcassets */ = {isa = PBXFileReference; lastKnownFileType = folder.assetcatalog; path = Assets.xcassets; sourceTree = "<group>"; };
		C66D304C1E51F77A00DA8BCC /* Base */ = {isa = PBXFileReference; lastKnownFileType = file.storyboard; name = Base; path = Base.lproj/LaunchScreen.storyboard; sourceTree = "<group>"; };
		C66D304E1E51F77A00DA8BCC /* Info.plist */ = {isa = PBXFileReference; lastKnownFileType = text.plist.xml; path = Info.plist; sourceTree = "<group>"; };
		C66D30531E51F77A00DA8BCC /* Music GameTests.xctest */ = {isa = PBXFileReference; explicitFileType = wrapper.cfbundle; includeInIndex = 0; path = "Music GameTests.xctest"; sourceTree = BUILT_PRODUCTS_DIR; };
		C66D30571E51F77A00DA8BCC /* Music_GameTests.swift */ = {isa = PBXFileReference; lastKnownFileType = sourcecode.swift; path = Music_GameTests.swift; sourceTree = "<group>"; };
		C66D30591E51F77A00DA8BCC /* Info.plist */ = {isa = PBXFileReference; lastKnownFileType = text.plist.xml; path = Info.plist; sourceTree = "<group>"; };
		C66D30621E51F7F700DA8BCC /* README.md */ = {isa = PBXFileReference; fileEncoding = 4; lastKnownFileType = net.daringfireball.markdown; path = README.md; sourceTree = "<group>"; };
		C6AA49D71E52C243000FB344 /* IMG_0114.JPG */ = {isa = PBXFileReference; lastKnownFileType = image.jpeg; path = IMG_0114.JPG; sourceTree = "<group>"; };
		C6AA49D81E52C243000FB344 /* IMG_0115.JPG */ = {isa = PBXFileReference; lastKnownFileType = image.jpeg; path = IMG_0115.JPG; sourceTree = "<group>"; };
		C6AA49D91E52C243000FB344 /* IMG_0116.JPG */ = {isa = PBXFileReference; lastKnownFileType = image.jpeg; path = IMG_0116.JPG; sourceTree = "<group>"; };
		C6AA49DA1E52C243000FB344 /* IMG_0117.JPG */ = {isa = PBXFileReference; lastKnownFileType = image.jpeg; path = IMG_0117.JPG; sourceTree = "<group>"; };
		C6AA49DB1E52C243000FB344 /* IMG_0118.JPG */ = {isa = PBXFileReference; lastKnownFileType = image.jpeg; path = IMG_0118.JPG; sourceTree = "<group>"; };
/* End PBXFileReference section */

/* Begin PBXFrameworksBuildPhase section */
		C66D30361E51F77900DA8BCC /* Frameworks */ = {
			isa = PBXFrameworksBuildPhase;
			buildActionMask = 2147483647;
			files = (
			);
			runOnlyForDeploymentPostprocessing = 0;
		};
		C66D30501E51F77A00DA8BCC /* Frameworks */ = {
			isa = PBXFrameworksBuildPhase;
			buildActionMask = 2147483647;
			files = (
			);
			runOnlyForDeploymentPostprocessing = 0;
		};
/* End PBXFrameworksBuildPhase section */

/* Begin PBXGroup section */
		C66D30301E51F77900DA8BCC = {
			isa = PBXGroup;
			children = (
				C66D30641E51F80C00DA8BCC /* Documentation */,
				C66D303B1E51F77900DA8BCC /* Music Game */,
				C66D30561E51F77A00DA8BCC /* Music GameTests */,
				C66D303A1E51F77900DA8BCC /* Products */,
			);
			sourceTree = "<group>";
		};
		C66D303A1E51F77900DA8BCC /* Products */ = {
			isa = PBXGroup;
			children = (
				C66D30391E51F77900DA8BCC /* Music Game.app */,
				C66D30531E51F77A00DA8BCC /* Music GameTests.xctest */,
			);
			name = Products;
			sourceTree = "<group>";
		};
		C66D303B1E51F77900DA8BCC /* Music Game */ = {
			isa = PBXGroup;
			children = (
				C66D303C1E51F77A00DA8BCC /* AppDelegate.swift */,
				C66D303E1E51F77A00DA8BCC /* GameScene.sks */,
				C66D30401E51F77A00DA8BCC /* Actions.sks */,
				C66D30421E51F77A00DA8BCC /* GameScene.swift */,
				C66D30441E51F77A00DA8BCC /* GameViewController.swift */,
				C66D30461E51F77A00DA8BCC /* Main.storyboard */,
				C66D30491E51F77A00DA8BCC /* Assets.xcassets */,
				C66D304B1E51F77A00DA8BCC /* LaunchScreen.storyboard */,
				C66D304E1E51F77A00DA8BCC /* Info.plist */,
			);
			path = "Music Game";
			sourceTree = "<group>";
		};
		C66D30561E51F77A00DA8BCC /* Music GameTests */ = {
			isa = PBXGroup;
			children = (
				C66D30571E51F77A00DA8BCC /* Music_GameTests.swift */,
				C66D30591E51F77A00DA8BCC /* Info.plist */,
			);
			path = "Music GameTests";
			sourceTree = "<group>";
		};
		C66D30641E51F80C00DA8BCC /* Documentation */ = {
			isa = PBXGroup;
			children = (
				C66D30621E51F7F700DA8BCC /* README.md */,
				C6AA49D71E52C243000FB344 /* IMG_0114.JPG */,
				C6AA49D81E52C243000FB344 /* IMG_0115.JPG */,
				C6AA49D91E52C243000FB344 /* IMG_0116.JPG */,
				C6AA49DA1E52C243000FB344 /* IMG_0117.JPG */,
				C6AA49DB1E52C243000FB344 /* IMG_0118.JPG */,
			);
			name = Documentation;
			sourceTree = "<group>";
		};
/* End PBXGroup section */

/* Begin PBXNativeTarget section */
		C66D30381E51F77900DA8BCC /* Music Game */ = {
			isa = PBXNativeTarget;
			buildConfigurationList = C66D305C1E51F77A00DA8BCC /* Build configuration list for PBXNativeTarget "Music Game" */;
			buildPhases = (
				C66D30351E51F77900DA8BCC /* Sources */,
				C66D30361E51F77900DA8BCC /* Frameworks */,
				C66D30371E51F77900DA8BCC /* Resources */,
			);
			buildRules = (
			);
			dependencies = (
			);
			name = "Music Game";
			productName = "Music Game";
			productReference = C66D30391E51F77900DA8BCC /* Music Game.app */;
			productType = "com.apple.product-type.application";
		};
		C66D30521E51F77A00DA8BCC /* Music GameTests */ = {
			isa = PBXNativeTarget;
			buildConfigurationList = C66D305F1E51F77A00DA8BCC /* Build configuration list for PBXNativeTarget "Music GameTests" */;
			buildPhases = (
				C66D304F1E51F77A00DA8BCC /* Sources */,
				C66D30501E51F77A00DA8BCC /* Frameworks */,
				C66D30511E51F77A00DA8BCC /* Resources */,
			);
			buildRules = (
			);
			dependencies = (
				C66D30551E51F77A00DA8BCC /* PBXTargetDependency */,
			);
			name = "Music GameTests";
			productName = "Music GameTests";
			productReference = C66D30531E51F77A00DA8BCC /* Music GameTests.xctest */;
			productType = "com.apple.product-type.bundle.unit-test";
		};
/* End PBXNativeTarget section */

/* Begin PBXProject section */
		C66D30311E51F77900DA8BCC /* Project object */ = {
			isa = PBXProject;
			attributes = {
				LastSwiftUpdateCheck = 0820;
				LastUpgradeCheck = 0820;
				ORGANIZATIONNAME = "Brendan Leder";
				TargetAttributes = {
					C66D30381E51F77900DA8BCC = {
						CreatedOnToolsVersion = 8.2.1;
						DevelopmentTeam = W4883LG747;
						ProvisioningStyle = Automatic;
					};
					C66D30521E51F77A00DA8BCC = {
						CreatedOnToolsVersion = 8.2.1;
						DevelopmentTeam = W4883LG747;
						ProvisioningStyle = Automatic;
						TestTargetID = C66D30381E51F77900DA8BCC;
					};
				};
			};
			buildConfigurationList = C66D30341E51F77900DA8BCC /* Build configuration list for PBXProject "Music Game" */;
			compatibilityVersion = "Xcode 3.2";
			developmentRegion = English;
			hasScannedForEncodings = 0;
			knownRegions = (
				en,
				Base,
			);
			mainGroup = C66D30301E51F77900DA8BCC;
			productRefGroup = C66D303A1E51F77900DA8BCC /* Products */;
			projectDirPath = "";
			projectRoot = "";
			targets = (
				C66D30381E51F77900DA8BCC /* Music Game */,
				C66D30521E51F77A00DA8BCC /* Music GameTests */,
			);
		};
/* End PBXProject section */

/* Begin PBXResourcesBuildPhase section */
		C66D30371E51F77900DA8BCC /* Resources */ = {
			isa = PBXResourcesBuildPhase;
			buildActionMask = 2147483647;
			files = (
				C6AA49DF1E52C243000FB344 /* IMG_0117.JPG in Resources */,
				C66D30481E51F77A00DA8BCC /* Main.storyboard in Resources */,
				C66D303F1E51F77A00DA8BCC /* GameScene.sks in Resources */,
				C6AA49E01E52C243000FB344 /* IMG_0118.JPG in Resources */,
				C66D304A1E51F77A00DA8BCC /* Assets.xcassets in Resources */,
				C6AA49DC1E52C243000FB344 /* IMG_0114.JPG in Resources */,
				C6AA49DD1E52C243000FB344 /* IMG_0115.JPG in Resources */,
				C66D304D1E51F77A00DA8BCC /* LaunchScreen.storyboard in Resources */,
				C66D30411E51F77A00DA8BCC /* Actions.sks in Resources */,
				C6AA49DE1E52C243000FB344 /* IMG_0116.JPG in Resources */,
			);
			runOnlyForDeploymentPostprocessing = 0;
		};
		C66D30511E51F77A00DA8BCC /* Resources */ = {
			isa = PBXResourcesBuildPhase;
			buildActionMask = 2147483647;
			files = (
			);
			runOnlyForDeploymentPostprocessing = 0;
		};
/* End PBXResourcesBuildPhase section */

/* Begin PBXSourcesBuildPhase section */
		C66D30351E51F77900DA8BCC /* Sources */ = {
			isa = PBXSourcesBuildPhase;
			buildActionMask = 2147483647;
			files = (
				C66D30431E51F77A00DA8BCC /* GameScene.swift in Sources */,
				C66D30451E51F77A00DA8BCC /* GameViewController.swift in Sources */,
				C66D30631E51F7F700DA8BCC /* README.md in Sources */,
				C66D303D1E51F77A00DA8BCC /* AppDelegate.swift in Sources */,
			);
			runOnlyForDeploymentPostprocessing = 0;
		};
		C66D304F1E51F77A00DA8BCC /* Sources */ = {
			isa = PBXSourcesBuildPhase;
			buildActionMask = 2147483647;
			files = (
				C66D30581E51F77A00DA8BCC /* Music_GameTests.swift in Sources */,
			);
			runOnlyForDeploymentPostprocessing = 0;
		};
/* End PBXSourcesBuildPhase section */

/* Begin PBXTargetDependency section */
		C66D30551E51F77A00DA8BCC /* PBXTargetDependency */ = {
			isa = PBXTargetDependency;
			target = C66D30381E51F77900DA8BCC /* Music Game */;
			targetProxy = C66D30541E51F77A00DA8BCC /* PBXContainerItemProxy */;
		};
/* End PBXTargetDependency section */

/* Begin PBXVariantGroup section */
		C66D30461E51F77A00DA8BCC /* Main.storyboard */ = {
			isa = PBXVariantGroup;
			children = (
				C66D30471E51F77A00DA8BCC /* Base */,
			);
			name = Main.storyboard;
			sourceTree = "<group>";
		};
		C66D304B1E51F77A00DA8BCC /* LaunchScreen.storyboard */ = {
			isa = PBXVariantGroup;
			children = (
				C66D304C1E51F77A00DA8BCC /* Base */,
			);
			name = LaunchScreen.storyboard;
			sourceTree = "<group>";
		};
/* End PBXVariantGroup section */

/* Begin XCBuildConfiguration section */
		C66D305A1E51F77A00DA8BCC /* Debug */ = {
			isa = XCBuildConfiguration;
			buildSettings = {
				ALWAYS_SEARCH_USER_PATHS = NO;
				CLANG_ANALYZER_NONNULL = YES;
				CLANG_CXX_LANGUAGE_STANDARD = "gnu++0x";
				CLANG_CXX_LIBRARY = "libc++";
				CLANG_ENABLE_MODULES = YES;
				CLANG_ENABLE_OBJC_ARC = YES;
				CLANG_WARN_BOOL_CONVERSION = YES;
				CLANG_WARN_CONSTANT_CONVERSION = YES;
				CLANG_WARN_DIRECT_OBJC_ISA_USAGE = YES_ERROR;
				CLANG_WARN_DOCUMENTATION_COMMENTS = YES;
				CLANG_WARN_EMPTY_BODY = YES;
				CLANG_WARN_ENUM_CONVERSION = YES;
				CLANG_WARN_INFINITE_RECURSION = YES;
				CLANG_WARN_INT_CONVERSION = YES;
				CLANG_WARN_OBJC_ROOT_CLASS = YES_ERROR;
				CLANG_WARN_SUSPICIOUS_MOVE = YES;
				CLANG_WARN_UNREACHABLE_CODE = YES;
				CLANG_WARN__DUPLICATE_METHOD_MATCH = YES;
				"CODE_SIGN_IDENTITY[sdk=iphoneos*]" = "iPhone Developer";
				COPY_PHASE_STRIP = NO;
				DEBUG_INFORMATION_FORMAT = dwarf;
				ENABLE_STRICT_OBJC_MSGSEND = YES;
				ENABLE_TESTABILITY = YES;
				GCC_C_LANGUAGE_STANDARD = gnu99;
				GCC_DYNAMIC_NO_PIC = NO;
				GCC_NO_COMMON_BLOCKS = YES;
				GCC_OPTIMIZATION_LEVEL = 0;
				GCC_PREPROCESSOR_DEFINITIONS = (
					"DEBUG=1",
					"$(inherited)",
				);
				GCC_WARN_64_TO_32_BIT_CONVERSION = YES;
				GCC_WARN_ABOUT_RETURN_TYPE = YES_ERROR;
				GCC_WARN_UNDECLARED_SELECTOR = YES;
				GCC_WARN_UNINITIALIZED_AUTOS = YES_AGGRESSIVE;
				GCC_WARN_UNUSED_FUNCTION = YES;
				GCC_WARN_UNUSED_VARIABLE = YES;
				IPHONEOS_DEPLOYMENT_TARGET = 10.2;
				MTL_ENABLE_DEBUG_INFO = YES;
				ONLY_ACTIVE_ARCH = YES;
				SDKROOT = iphoneos;
				SWIFT_ACTIVE_COMPILATION_CONDITIONS = DEBUG;
				SWIFT_OPTIMIZATION_LEVEL = "-Onone";
				TARGETED_DEVICE_FAMILY = "1,2";
			};
			name = Debug;
		};
		C66D305B1E51F77A00DA8BCC /* Release */ = {
			isa = XCBuildConfiguration;
			buildSettings = {
				ALWAYS_SEARCH_USER_PATHS = NO;
				CLANG_ANALYZER_NONNULL = YES;
				CLANG_CXX_LANGUAGE_STANDARD = "gnu++0x";
				CLANG_CXX_LIBRARY = "libc++";
				CLANG_ENABLE_MODULES = YES;
				CLANG_ENABLE_OBJC_ARC = YES;
				CLANG_WARN_BOOL_CONVERSION = YES;
				CLANG_WARN_CONSTANT_CONVERSION = YES;
				CLANG_WARN_DIRECT_OBJC_ISA_USAGE = YES_ERROR;
				CLANG_WARN_DOCUMENTATION_COMMENTS = YES;
				CLANG_WARN_EMPTY_BODY = YES;
				CLANG_WARN_ENUM_CONVERSION = YES;
				CLANG_WARN_INFINITE_RECURSION = YES;
				CLANG_WARN_INT_CONVERSION = YES;
				CLANG_WARN_OBJC_ROOT_CLASS = YES_ERROR;
				CLANG_WARN_SUSPICIOUS_MOVE = YES;
				CLANG_WARN_UNREACHABLE_CODE = YES;
				CLANG_WARN__DUPLICATE_METHOD_MATCH = YES;
				"CODE_SIGN_IDENTITY[sdk=iphoneos*]" = "iPhone Developer";
				COPY_PHASE_STRIP = NO;
				DEBUG_INFORMATION_FORMAT = "dwarf-with-dsym";
				ENABLE_NS_ASSERTIONS = NO;
				ENABLE_STRICT_OBJC_MSGSEND = YES;
				GCC_C_LANGUAGE_STANDARD = gnu99;
				GCC_NO_COMMON_BLOCKS = YES;
				GCC_WARN_64_TO_32_BIT_CONVERSION = YES;
				GCC_WARN_ABOUT_RETURN_TYPE = YES_ERROR;
				GCC_WARN_UNDECLARED_SELECTOR = YES;
				GCC_WARN_UNINITIALIZED_AUTOS = YES_AGGRESSIVE;
				GCC_WARN_UNUSED_FUNCTION = YES;
				GCC_WARN_UNUSED_VARIABLE = YES;
				IPHONEOS_DEPLOYMENT_TARGET = 10.2;
				MTL_ENABLE_DEBUG_INFO = NO;
				SDKROOT = iphoneos;
				SWIFT_OPTIMIZATION_LEVEL = "-Owholemodule";
				TARGETED_DEVICE_FAMILY = "1,2";
				VALIDATE_PRODUCT = YES;
			};
			name = Release;
		};
		C66D305D1E51F77A00DA8BCC /* Debug */ = {
			isa = XCBuildConfiguration;
			buildSettings = {
				ASSETCATALOG_COMPILER_APPICON_NAME = AppIcon;
				DEVELOPMENT_TEAM = W4883LG747;
				INFOPLIST_FILE = "Music Game/Info.plist";
				LD_RUNPATH_SEARCH_PATHS = "$(inherited) @executable_path/Frameworks";
				PRODUCT_BUNDLE_IDENTIFIER = "ca.on.rsgc.Music-Game";
				PRODUCT_NAME = "$(TARGET_NAME)";
				SWIFT_VERSION = 3.0;
			};
			name = Debug;
		};
		C66D305E1E51F77A00DA8BCC /* Release */ = {
			isa = XCBuildConfiguration;
			buildSettings = {
				ASSETCATALOG_COMPILER_APPICON_NAME = AppIcon;
				DEVELOPMENT_TEAM = W4883LG747;
				INFOPLIST_FILE = "Music Game/Info.plist";
				LD_RUNPATH_SEARCH_PATHS = "$(inherited) @executable_path/Frameworks";
				PRODUCT_BUNDLE_IDENTIFIER = "ca.on.rsgc.Music-Game";
				PRODUCT_NAME = "$(TARGET_NAME)";
				SWIFT_VERSION = 3.0;
			};
			name = Release;
		};
		C66D30601E51F77A00DA8BCC /* Debug */ = {
			isa = XCBuildConfiguration;
			buildSettings = {
				ALWAYS_EMBED_SWIFT_STANDARD_LIBRARIES = YES;
				BUNDLE_LOADER = "$(TEST_HOST)";
				DEVELOPMENT_TEAM = W4883LG747;
				INFOPLIST_FILE = "Music GameTests/Info.plist";
				LD_RUNPATH_SEARCH_PATHS = "$(inherited) @executable_path/Frameworks @loader_path/Frameworks";
				PRODUCT_BUNDLE_IDENTIFIER = "ca.on.rsgc.Music-GameTests";
				PRODUCT_NAME = "$(TARGET_NAME)";
				SWIFT_VERSION = 3.0;
				TEST_HOST = "$(BUILT_PRODUCTS_DIR)/Music Game.app/Music Game";
			};
			name = Debug;
		};
		C66D30611E51F77A00DA8BCC /* Release */ = {
			isa = XCBuildConfiguration;
			buildSettings = {
				ALWAYS_EMBED_SWIFT_STANDARD_LIBRARIES = YES;
				BUNDLE_LOADER = "$(TEST_HOST)";
				DEVELOPMENT_TEAM = W4883LG747;
				INFOPLIST_FILE = "Music GameTests/Info.plist";
				LD_RUNPATH_SEARCH_PATHS = "$(inherited) @executable_path/Frameworks @loader_path/Frameworks";
				PRODUCT_BUNDLE_IDENTIFIER = "ca.on.rsgc.Music-GameTests";
				PRODUCT_NAME = "$(TARGET_NAME)";
				SWIFT_VERSION = 3.0;
				TEST_HOST = "$(BUILT_PRODUCTS_DIR)/Music Game.app/Music Game";
			};
			name = Release;
		};
/* End XCBuildConfiguration section */

/* Begin XCConfigurationList section */
		C66D30341E51F77900DA8BCC /* Build configuration list for PBXProject "Music Game" */ = {
			isa = XCConfigurationList;
			buildConfigurations = (
				C66D305A1E51F77A00DA8BCC /* Debug */,
				C66D305B1E51F77A00DA8BCC /* Release */,
			);
			defaultConfigurationIsVisible = 0;
			defaultConfigurationName = Release;
		};
		C66D305C1E51F77A00DA8BCC /* Build configuration list for PBXNativeTarget "Music Game" */ = {
			isa = XCConfigurationList;
			buildConfigurations = (
				C66D305D1E51F77A00DA8BCC /* Debug */,
				C66D305E1E51F77A00DA8BCC /* Release */,
			);
			defaultConfigurationIsVisible = 0;
			defaultConfigurationName = Release;
		};
		C66D305F1E51F77A00DA8BCC /* Build configuration list for PBXNativeTarget "Music GameTests" */ = {
			isa = XCConfigurationList;
			buildConfigurations = (
				C66D30601E51F77A00DA8BCC /* Debug */,
				C66D30611E51F77A00DA8BCC /* Release */,
			);
			defaultConfigurationIsVisible = 0;
			defaultConfigurationName = Release;
		};
/* End XCConfigurationList section */
	};
	rootObject = C66D30311E51F77900DA8BCC /* Project object */;
}
